{
  "lockfile_version": "1",
  "packages": {
    "clang@latest": {
      "last_modified": "2026-04-23T13:07:47Z",
      "resolved": "github:NixOS/nixpkgs/01fbdeef22b76df85ea168fbfe1bfd9e63681b30#clang",
      "source": "devbox-search",
      "version": "21.1.8",
      "systems": {
        "aarch64-darwin": {
          "outputs": [
            {
              "name": "out",
              "path": "/nix/store/rwsbw420hcq148hifv7fga6r4g0k1dw8-clang-wrapper-21.1.8",
              "default": true
            }
          ],
          "store_path": "/nix/store/rwsbw420hcq148hifv7fga6r4g0k1dw8-clang-wrapper-21.1.8"
        },
        "aarch64-linux": {
          "outputs": [
            {
              "name": "out",
              "path": "/nix/store/07dbczj01x1g8876yc11mrpdilqjq0vz-clang-wrapper-21.1.8",
              "default": true
            }
          ],
          "store_path": "/nix/store/07dbczj01x1g8876yc11mrpdilqjq0vz-clang-wrapper-21.1.8"
        },
        "x86_64-darwin": {
          "outputs": [
            {
              "name": "out",
              "path": "/nix/store/b27wqif15k5b2k7j13ajh401d2g4a9m6-clang-wrapper-21.1.8",
              "default": true
            }
          ],
          "store_path": "/nix/store/b27wqif15k5b2k7j13ajh401d2g4a9m6-clang-wrapper-21.1.8"
        },
        "x86_64-linux": {
          "outputs": [
            {
              "name": "out",
              "path": "/nix/store/mw4gasdvwgscgpxpzihjgchfhs3hhqhn-clang-wrapper-21.1.8",
              "default": true
            }
          ],
          "store_path": "/nix/store/mw4gasdvwgscgpxpzihjgchfhs3hhqhn-clang-wrapper-21.1.8"
        }
      }
    },
    "gdb@latest": {
      "last_modified": "2026-05-21T08:15:18Z",
      "resolved": "github:NixOS/nixpkgs/4a29d733e8a7d5b824c3d8c958a946a9867b3eb2#gdb",
      "source": "devbox-search",
      "version": "17.1",
      "systems": {
        "aarch64-darwin": {
          "outputs": [
            {
              "name": "out",
              "path": "/nix/store/ys566gga9nm64w1n4nk72gd2x7f10b5i-gdb-17.1",
              "default": true
            }
          ],
          "store_path": "/nix/store/ys566gga9nm64w1n4nk72gd2x7f10b5i-gdb-17.1"
        },
        "aarch64-linux": {
          "outputs": [
            {
              "name": "out",
              "path": "/nix/store/49wdi779ndpxbvf7md6s3rbaqbyhbghb-gdb-17.1",
              "default": true
            }
          ],
          "store_path": "/nix/store/49wdi779ndpxbvf7md6s3rbaqbyhbghb-gdb-17.1"
        },
        "x86_64-darwin": {
          "outputs": [
            {
              "name": "out",
              "path": "/nix/store/993zgb929mwwsbmr4zr0rrlsimsf2fc2-gdb-17.1",
              "default": true
            }
          ],
          "store_path": "/nix/store/993zgb929mwwsbmr4zr0rrlsimsf2fc2-gdb-17.1"
        },
        "x86_64-linux": {
          "outputs": [
            {
              "name": "out",
              "path": "/nix/store/r41icz95c9q44fznzaq079b7n179va13-gdb-17.1",
              "default": true
            }
          ],
          "store_path": "/nix/store/r41icz95c9q44fznzaq079b7n179va13-gdb-17.1"
        }
      }
    },
    "github:NixOS/nixpkgs/nixpkgs-unstable": {
      "last_modified": "2026-05-15T18:21:44Z",
      "resolved": "github:NixOS/nixpkgs/d233902339c02a9c334e7e593de68855ad26c4cb?lastModified=1778869304&narHash=sha256-30sZNZoA1cqF5JNO9fVX%2BwgiQYjB7HJqqJ4ztCDeBZE%3D"
    },
    "jujutsu@latest": {
      "last_modified": "2026-05-08T21:03:27Z",
      "resolved": "github:NixOS/nixpkgs/b3da656039dc7a6240f27b2ef8cc6a3ef3bccae7#jujutsu",
      "source": "devbox-search",
      "version": "0.41.0",
      "systems": {
        "aarch64-darwin": {
          "outputs": [
            {
              "name": "out",
              "path": "/nix/store/qahcs3rckkafpbcmpb5r82c7fsjd600n-jujutsu-0.41.0",
              "default": true
            }
          ],
          "store_path": "/nix/store/qahcs3rckkafpbcmpb5r82c7fsjd600n-jujutsu-0.41.0"
        },
        "aarch64-linux": {
          "outputs": [
            {
              "name": "out",
              "path": "/nix/store/nh5p34iipyhw40hcy43j5m6fbvcdw2zz-jujutsu-0.41.0",
              "default": true
            }
          ],
          "store_path": "/nix/store/nh5p34iipyhw40hcy43j5m6fbvcdw2zz-jujutsu-0.41.0"
        },
        "x86_64-darwin": {
          "outputs": [
            {
              "name": "out",
              "path": "/nix/store/4540rsm7p6bl9is5s82jwi8kvwggfv9c-jujutsu-0.41.0",
              "default": true
            }
          ],
          "store_path": "/nix/store/4540rsm7p6bl9is5s82jwi8kvwggfv9c-jujutsu-0.41.0"
        },
        "x86_64-linux": {
          "outputs": [
            {
              "name": "out",
              "path": "/nix/store/kwax2pycc804a96zdvim0l62h816nfgr-jujutsu-0.41.0",
              "default": true
            }
          ],
          "store_path": "/nix/store/kwax2pycc804a96zdvim0l62h816nfgr-jujutsu-0.41.0"
        }
      }
    },
    "nodejs@latest": {
      "last_modified": "2026-08-06T00:10:29Z",
      "plugin_version": "0.0.2",
      "resolved": "github:NixOS/nixpkgs/70ce234312134a463ba7728e94da2486a1d237ac#nodejs_26",
      "source": "devbox-search",
      "version": "26.7.0",
      "systems": {
        "aarch64-darwin": {
          "outputs": [
            {
              "name": "out",
              "path": "/nix/store/f7n3say8yjkjcqqcik422kcvjagdvp8c-nodejs-26.7.0",
              "default": true
            }
          ],
          "store_path": "/nix/store/f7n3say8yjkjcqqcik422kcvjagdvp8c-nodejs-26.7.0"
        },
        "aarch64-linux": {
          "outputs": [
            {
              "name": "out",
              "path": "/nix/store/i466p6dl3yfmlpd83zl0pvd8gzjh5yj4-nodejs-26.7.0",
              "default": true
            }
          ],
          "store_path": "/nix/store/i466p6dl3yfmlpd83zl0pvd8gzjh5yj4-nodejs-26.7.0"
        },
        "x86_64-linux": {
          "outputs": [
            {
              "name": "out",
              "path": "/nix/store/jbr8baiszp449aacg17k0z59bs3v48as-nodejs-26.7.0",
              "default": true
            }
          ],
          "store_path": "/nix/store/jbr8baiszp449aacg17k0z59bs3v48as-nodejs-26.7.0"
        }
      }
    },
    "rustup@latest": {
      "last_modified": "2026-06-27T07:37:20Z",
      "plugin_version": "0.0.1",
      "resolved": "github:NixOS/nixpkgs/3d46470bb3030020f7e1361f33514854f5bfa86d#rustup",
      "source": "devbox-search",
      "version": "1.29.0",
      "systems": {
        "aarch64-darwin": {
          "outputs": [
            {
              "name": "out",
              "path": "/nix/store/v3r8r9l3qmxm9sb4gsnnrhz4xcz82fl2-rustup-1.29.0",
              "default": true
            }
          ],
          "store_path": "/nix/store/v3r8r9l3qmxm9sb4gsnnrhz4xcz82fl2-rustup-1.29.0"
        },
        "aarch64-linux": {
          "outputs": [
            {
              "name": "out",
              "path": "/nix/store/1ghz0g8a4p12amgzdsn0g7s47vzawxph-rustup-1.29.0",
              "default": true
            }
          ],
          "store_path": "/nix/store/1ghz0g8a4p12amgzdsn0g7s47vzawxph-rustup-1.29.0"
        },
        "x86_64-darwin": {
          "outputs": [
            {
              "name": "out",
              "path": "/nix/store/lvm2155pfw1b3a9g8cij5g7vx2dk4v9f-rustup-1.29.0",
              "default": true
            }
          ],
          "store_path": "/nix/store/lvm2155pfw1b3a9g8cij5g7vx2dk4v9f-rustup-1.29.0"
        },
        "x86_64-linux": {
          "outputs": [
            {
              "name": "out",
              "path": "/nix/store/cxx967kpb69s62f8xh97qq1r2lhj6i3s-rustup-1.29.0",
              "default": true
            }
          ],
          "store_path": "/nix/store/cxx967kpb69s62f8xh97qq1r2lhj6i3s-rustup-1.29.0"
        }
      }
    },
    "uv@latest": {
      "last_modified": "2026-05-15T18:21:44Z",
      "resolved": "github:NixOS/nixpkgs/d233902339c02a9c334e7e593de68855ad26c4cb#uv",
      "source": "devbox-search",
      "version": "0.11.14",
      "systems": {
        "aarch64-darwin": {
          "outputs": [
            {
              "name": "out",
              "path": "/nix/store/slx6kfdk376wzvxfykhihi2k59lr4jv4-uv-0.11.14",
              "default": true
            }
          ],
          "store_path": "/nix/store/slx6kfdk376wzvxfykhihi2k59lr4jv4-uv-0.11.14"
        },
        "aarch64-linux": {
          "outputs": [
            {
              "name": "out",
              "path": "/nix/store/kpwg6w8fin73zjw2iwdbl64v4rwd3lsv-uv-0.11.14",
              "default": true
            }
          ],
          "store_path": "/nix/store/kpwg6w8fin73zjw2iwdbl64v4rwd3lsv-uv-0.11.14"
        },
        "x86_64-darwin": {
          "outputs": [
            {
              "name": "out",
              "path": "/nix/store/f9ldlm2i39r9ydldf0acd8b6law16r71-uv-0.11.14",
              "default": true
            }
          ],
          "store_path": "/nix/store/f9ldlm2i39r9ydldf0acd8b6law16r71-uv-0.11.14"
        },
        "x86_64-linux": {
          "outputs": [
            {
              "name": "out",
              "path": "/nix/store/as4nxfj59yqyi5ppv55vj0aacz610jfl-uv-0.11.14",
              "default": true
            }
          ],
          "store_path": "/nix/store/as4nxfj59yqyi5ppv55vj0aacz610jfl-uv-0.11.14"
        }
      }
    }
  }
}
